
Microsoft Visual Studio Solution File, Format Version 12.00
# Visual Studio Express 2013 for Windows Desktop
VisualStudioVersion = 12.0.30723.0
MinimumVisualStudioVersion = 10.0.40219.1
Project("{FAE04EC0-301F-11D3-BF4B-00C04F79EFBC}") = "DbDataAccessLayer", "DataAccessLayer\DbDataAccessLayer.csproj", "{8DF862A7-C4CD-4798-AF2E-9FC2AAF40317}"
EndProject
Project("{FAE04EC0-301F-11D3-BF4B-00C04F79EFBC}") = "DbDataAccessLayer_Tests", "DataAccessLayer_Tests\DbDataAccessLayer_Tests.csproj", "{08AF1BB0-28C3-4A21-85DE-F8E8E83058FE}"
EndProject
Global
	GlobalSection(SolutionConfigurationPlatforms) = preSolution
		Debug|Any CPU = Debug|Any CPU
		Release|Any CPU = Release|Any CPU
	EndGlobalSection
	GlobalSection(ProjectConfigurationPlatforms) = postSolution
		{8DF862A7-C4CD-4798-AF2E-9FC2AAF40317}.Debug|Any CPU.ActiveCfg = Debug|Any CPU
		{8DF862A7-C4CD-4798-AF2E-9FC2AAF40317}.Debug|Any CPU.Build.0 = Debug|Any CPU
		{8DF862A7-C4CD-4798-AF2E-9FC2AAF40317}.Release|Any CPU.ActiveCfg = Release|Any CPU
		{8DF862A7-C4CD-4798-AF2E-9FC2AAF40317}.Release|Any CPU.Build.0 = Release|Any CPU
		{08AF1BB0-28C3-4A21-85DE-F8E8E83058FE}.Debug|Any CPU.ActiveCfg = Debug|Any CPU
		{08AF1BB0-28C3-4A21-85DE-F8E8E83058FE}.Debug|Any CPU.Build.0 = Debug|Any CPU
		{08AF1BB0-28C3-4A21-85DE-F8E8E83058FE}.Release|Any CPU.ActiveCfg = Release|Any CPU
		{08AF1BB0-28C3-4A21-85DE-F8E8E83058FE}.Release|Any CPU.Build.0 = Release|Any CPU
	EndGlobalSection
	GlobalSection(SolutionProperties) = preSolution
		HideSolutionNode = FALSE
	EndGlobalSection
EndGlobal
